{
  "version": 4,
  "terraform_version": "1.8.4",
  "serial": 214,
  "lineage": "32d0dc0d-71bc-c791-8962-331f5441594c",
  "outputs": {
    "ec2_ssh_command": {
      "value": "ssh -i ~/.ssh/rafe-tf-key ec2-user@3.83.14.90",
      "type": "string"
    },
    "instance_id": {
      "value": "i-0b27b4e9f6d149f6d",
      "type": "string"
    },
    "instance_state": {
      "value": "running",
      "type": "string"
    },
    "public_ip": {
      "value": "3.83.14.90",
      "type": "string"
    }
  },
  "resources": [
    {
      "mode": "data",
      "type": "aws_vpc",
      "name": "default",
      "provider": "provider[\"registry.terraform.io/hashicorp/aws\"]",
      "instances": [
        {
          "schema_version": 0,
          "attributes": {
            "arn": "arn:aws:ec2:us-east-1:121099113991:vpc/vpc-0340266fda6ea4145",
            "cidr_block": "172.31.0.0/16",
            "cidr_block_associations": [
              {
                "association_id": "vpc-cidr-assoc-00ebadb2147a767ce",
                "cidr_block": "172.31.0.0/16",
                "state": "associated"
              }
            ],
            "default": true,
            "dhcp_options_id": "dopt-08422cd2f8d70c60d",
            "enable_dns_hostnames": true,
            "enable_dns_support": true,
            "enable_network_address_usage_metrics": false,
            "filter": null,
            "id": "vpc-0340266fda6ea4145",
            "instance_tenancy": "default",
            "ipv6_association_id": "",
            "ipv6_cidr_block": "",
            "main_route_table_id": "rtb-004f53a8c0fbadcce",
            "owner_id": "121099113991",
            "state": null,
            "tags": {},
            "timeouts": null
          },
          "sensitive_attributes": []
        }
      ]
    },
    {
      "mode": "managed",
      "type": "aws_instance",
      "name": "example",
      "provider": "provider[\"registry.terraform.io/hashicorp/aws\"]",
      "instances": [
        {
          "schema_version": 1,
          "attributes": {
            "ami": "ami-0953476d60561c955",
            "arn": "arn:aws:ec2:us-east-1:121099113991:instance/i-0b27b4e9f6d149f6d",
            "associate_public_ip_address": true,
            "availability_zone": "us-east-1d",
            "capacity_reservation_specification": [
              {
                "capacity_reservation_preference": "open",
                "capacity_reservation_target": []
              }
            ],
            "cpu_core_count": 1,
            "cpu_options": [
              {
                "amd_sev_snp": "",
                "core_count": 1,
                "threads_per_core": 1
              }
            ],
            "cpu_threads_per_core": 1,
            "credit_specification": [
              {
                "cpu_credits": "standard"
              }
            ],
            "disable_api_stop": false,
            "disable_api_termination": false,
            "ebs_block_device": [],
            "ebs_optimized": false,
            "enable_primary_ipv6": null,
            "enclave_options": [
              {
                "enabled": false
              }
            ],
            "ephemeral_block_device": [],
            "get_password_data": false,
            "hibernation": false,
            "host_id": "",
            "host_resource_group_arn": null,
            "iam_instance_profile": "",
            "id": "i-0b27b4e9f6d149f6d",
            "instance_initiated_shutdown_behavior": "stop",
            "instance_lifecycle": "",
            "instance_market_options": [],
            "instance_state": "running",
            "instance_type": "t2.micro",
            "ipv6_address_count": 0,
            "ipv6_addresses": [],
            "key_name": "rafe-tf-key",
            "launch_template": [],
            "maintenance_options": [
              {
                "auto_recovery": "default"
              }
            ],
            "metadata_options": [
              {
                "http_endpoint": "enabled",
                "http_protocol_ipv6": "disabled",
                "http_put_response_hop_limit": 2,
                "http_tokens": "required",
                "instance_metadata_tags": "disabled"
              }
            ],
            "monitoring": false,
            "network_interface": [],
            "outpost_arn": "",
            "password_data": "",
            "placement_group": "",
            "placement_partition_number": 0,
            "primary_network_interface_id": "eni-06fb8908c4375c447",
            "private_dns": "ip-172-31-87-67.ec2.internal",
            "private_dns_name_options": [
              {
                "enable_resource_name_dns_a_record": false,
                "enable_resource_name_dns_aaaa_record": false,
                "hostname_type": "ip-name"
              }
            ],
            "private_ip": "172.31.87.67",
            "public_dns": "ec2-3-83-14-90.compute-1.amazonaws.com",
            "public_ip": "3.83.14.90",
            "root_block_device": [
              {
                "delete_on_termination": true,
                "device_name": "/dev/xvda",
                "encrypted": false,
                "iops": 3000,
                "kms_key_id": "",
                "tags": {},
                "tags_all": {},
                "throughput": 125,
                "volume_id": "vol-0aace99ec32a53dd4",
                "volume_size": 8,
                "volume_type": "gp3"
              }
            ],
            "secondary_private_ips": [],
            "security_groups": [
              "refe-terraform-sg"
            ],
            "source_dest_check": true,
            "spot_instance_request_id": "",
            "subnet_id": "subnet-07ac07353cbe1aa3b",
            "tags": {
              "Name": "rafe-terraform-example"
            },
            "tags_all": {
              "Name": "rafe-terraform-example"
            },
            "tenancy": "default",
            "timeouts": null,
            "user_data": "e76f4f53394044b716eb0cfefe52b0f40506640e",
            "user_data_base64": null,
            "user_data_replace_on_change": false,
            "volume_tags": null,
            "vpc_security_group_ids": [
              "sg-09ded9cbd1f795f05"
            ]
          },
          "sensitive_attributes": [],
          "private": "eyJlMmJmYjczMC1lY2FhLTExZTYtOGY4OC0zNDM2M2JjN2M0YzAiOnsiY3JlYXRlIjo2MDAwMDAwMDAwMDAsImRlbGV0ZSI6MTIwMDAwMDAwMDAwMCwicmVhZCI6OTAwMDAwMDAwMDAwLCJ1cGRhdGUiOjYwMDAwMDAwMDAwMH0sInNjaGVtYV92ZXJzaW9uIjoiMSJ9",
          "dependencies": [
            "aws_key_pair.rafe_tf_key",
            "aws_security_group.refe_terraform_sg",
            "data.aws_vpc.default"
          ]
        }
      ]
    },
    {
      "mode": "managed",
      "type": "aws_key_pair",
      "name": "rafe_tf_key",
      "provider": "provider[\"registry.terraform.io/hashicorp/aws\"]",
      "instances": [
        {
          "schema_version": 1,
          "attributes": {
            "arn": "arn:aws:ec2:us-east-1:121099113991:key-pair/rafe-tf-key",
            "fingerprint": "08:5d:f4:9a:5a:fb:39:7c:af:7c:d2:45:0d:16:34:71",
            "id": "rafe-tf-key",
            "key_name": "rafe-tf-key",
            "key_name_prefix": "",
            "key_pair_id": "key-059726276bff26db0",
            "key_type": "rsa",
            "public_key": "ssh-rsa AAAAB3NzaC1yc2EAAAADAQABAAACAQDO6Gld+ghYMtrIpYo29LfRA9PSbtLp1DE8qC0ajkE4ipnUj20mKwrRF4ycxesbC+B5NsLqZ/uiEDST2wXOgertqhudBpkPZU0509WFkqS1X5CxRs1gEDTMraNpijamz4ev5d2vJQfWuc7HENDh2njWAL7HE9Xrnr8YmcPq7XU0OYaT1QcNBM5rAkNWySXmLZKqmAsIt2DLGQ6kl6k9j8sBvfLZr2mbp7U73GpgE+xNCN8DUWn6vwznaAQKH9oHejlhkhp6nEIX2rr4yKr04Lean8Rs7wi328iBq4DFlYvpU2rrgFOPA1G9GljQKHI0QKyglHS7FEl3siwTuP8l7LdJOkjEQy7ikBcQKFyyoSmz6Eia/NgJpHLxh7cDXfPLTPBR8Td0EUmr0jp4HEqIYnavVh7fd8SoN7bP6mhJ+HDmUo6OPGW2hYa9IHHgjCb+9Eym2grymBoyhUVC1WUxoSn1dJt2rvOO3wTHzYY6MfM3CsbueOBV+FGfN1R1N58jlucdppaJWNWrnlmhFEq/7ifs1ALD+T6gwaLXHK3hK/ZHEUb4x11upM1u/QlMVwYBibqau216ZZ4eUezdhvcBCV0as9HfW9Dudqvz3COZ8Hu6InjjPsPce0ybM2grkmOjVIkatbRYRPMDeEOHwfoL3eHTvW9ScKnrpCDlmu3O1VXAUw== stefa@MSI",
            "tags": {
              "Name": "rafe-tf-key"
            },
            "tags_all": {
              "Name": "rafe-tf-key"
            }
          },
          "sensitive_attributes": [],
          "private": "eyJzY2hlbWFfdmVyc2lvbiI6IjEifQ=="
        }
      ]
    },
    {
      "mode": "managed",
      "type": "aws_security_group",
      "name": "refe_terraform_sg",
      "provider": "provider[\"registry.terraform.io/hashicorp/aws\"]",
      "instances": [
        {
          "schema_version": 1,
          "attributes": {
            "arn": "arn:aws:ec2:us-east-1:121099113991:security-group/sg-09ded9cbd1f795f05",
            "description": "Allow SSH from my IP and HTTP access",
            "egress": [
              {
                "cidr_blocks": [
                  "0.0.0.0/0"
                ],
                "description": "",
                "from_port": 0,
                "ipv6_cidr_blocks": [],
                "prefix_list_ids": [],
                "protocol": "-1",
                "security_groups": [],
                "self": false,
                "to_port": 0
              }
            ],
            "id": "sg-09ded9cbd1f795f05",
            "ingress": [
              {
                "cidr_blocks": [
                  "0.0.0.0/0"
                ],
                "description": "Allow HTTP",
                "from_port": 80,
                "ipv6_cidr_blocks": [],
                "prefix_list_ids": [],
                "protocol": "tcp",
                "security_groups": [],
                "self": false,
                "to_port": 80
              },
              {
                "cidr_blocks": [
                  "82.169.184.68/32"
                ],
                "description": "SSH from my IP",
                "from_port": 22,
                "ipv6_cidr_blocks": [],
                "prefix_list_ids": [],
                "protocol": "tcp",
                "security_groups": [],
                "self": false,
                "to_port": 22
              }
            ],
            "name": "refe-terraform-sg",
            "name_prefix": "",
            "owner_id": "121099113991",
            "revoke_rules_on_delete": false,
            "tags": {
              "Name": "refe-terraform-sg"
            },
            "tags_all": {
              "Name": "refe-terraform-sg"
            },
            "timeouts": null,
            "vpc_id": "vpc-0340266fda6ea4145"
          },
          "sensitive_attributes": [],
          "private": "eyJlMmJmYjczMC1lY2FhLTExZTYtOGY4OC0zNDM2M2JjN2M0YzAiOnsiY3JlYXRlIjo2MDAwMDAwMDAwMDAsImRlbGV0ZSI6OTAwMDAwMDAwMDAwfSwic2NoZW1hX3ZlcnNpb24iOiIxIn0=",
          "dependencies": [
            "data.aws_vpc.default"
          ]
        }
      ]
    }
  ],
  "check_results": null
}
